// !$*UTF8*$!
{
	archiveVersion = 1;
	classes = {
	};
	objectVersion = 46;
	objects = {

/* Begin PBXBuildFile section */
		370408A41AE342E1006A8138 /* POCPlace.m in Sources */ = {isa = PBXBuildFile; fileRef = 370408A31AE342E1006A8138 /* POCPlace.m */; };
		37DD1AAE1AE1239F0095A4E5 /* main.m in Sources */ = {isa = PBXBuildFile; fileRef = 37DD1AAD1AE1239F0095A4E5 /* main.m */; };
		37DD1AB11AE1239F0095A4E5 /* AppDelegate.m in Sources */ = {isa = PBXBuildFile; fileRef = 37DD1AB01AE1239F0095A4E5 /* AppDelegate.m */; };
		37DD1AB41AE1239F0095A4E5 /* POCViewController.m in Sources */ = {isa = PBXBuildFile; fileRef = 37DD1AB31AE1239F0095A4E5 /* POCViewController.m */; };
		37DD1AB71AE1239F0095A4E5 /* Main.storyboard in Resources */ = {isa = PBXBuildFile; fileRef = 37DD1AB51AE1239F0095A4E5 /* Main.storyboard */; };
		37DD1AB91AE123A00095A4E5 /* Images.xcassets in Resources */ = {isa = PBXBuildFile; fileRef = 37DD1AB81AE123A00095A4E5 /* Images.xcassets */; };
		37DD1ABC1AE123A00095A4E5 /* LaunchScreen.xib in Resources */ = {isa = PBXBuildFile; fileRef = 37DD1ABA1AE123A00095A4E5 /* LaunchScreen.xib */; };
		37DD1AC81AE123A00095A4E5 /* PoC_IanTests.m in Sources */ = {isa = PBXBuildFile; fileRef = 37DD1AC71AE123A00095A4E5 /* PoC_IanTests.m */; };
		37FBF6B41AE1264900522633 /* MapKit.framework in Frameworks */ = {isa = PBXBuildFile; fileRef = 37FBF6B31AE1264900522633 /* MapKit.framework */; };
		37FBF6B71AE1377400522633 /* ApiKeys.plist in Resources */ = {isa = PBXBuildFile; fileRef = 37FBF6B61AE1377400522633 /* ApiKeys.plist */; };
		37FBF6BA1AE13DA100522633 /* POCPlaceFinder.m in Sources */ = {isa = PBXBuildFile; fileRef = 37FBF6B91AE13DA100522633 /* POCPlaceFinder.m */; };
		37FBF6BD1AE1419D00522633 /* POCFourSquareFinder.m in Sources */ = {isa = PBXBuildFile; fileRef = 37FBF6BC1AE1419D00522633 /* POCFourSquareFinder.m */; };
		AE18140802B72E6C8B597B50 /* libPods.a in Frameworks */ = {isa = PBXBuildFile; fileRef = 23C57354447CDF964240FFA7 /* libPods.a */; };
/* End PBXBuildFile section */

/* Begin PBXContainerItemProxy section */
		37DD1AC21AE123A00095A4E5 /* PBXContainerItemProxy */ = {
			isa = PBXContainerItemProxy;
			containerPortal = 37DD1AA01AE1239F0095A4E5 /* Project object */;
			proxyType = 1;
			remoteGlobalIDString = 37DD1AA71AE1239F0095A4E5;
			remoteInfo = "PoC Ian";
		};
/* End PBXContainerItemProxy section */

/* Begin PBXFileReference section */
		23C57354447CDF964240FFA7 /* libPods.a */ = {isa = PBXFileReference; explicitFileType = archive.ar; includeInIndex = 0; path = libPods.a; sourceTree = BUILT_PRODUCTS_DIR; };
		370408A21AE342E1006A8138 /* POCPlace.h */ = {isa = PBXFileReference; fileEncoding = 4; lastKnownFileType = sourcecode.c.h; path = POCPlace.h; sourceTree = "<group>"; };
		370408A31AE342E1006A8138 /* POCPlace.m */ = {isa = PBXFileReference; fileEncoding = 4; lastKnownFileType = sourcecode.c.objc; path = POCPlace.m; sourceTree = "<group>"; };
		37DD1AA81AE1239F0095A4E5 /* PoC Ian.app */ = {isa = PBXFileReference; explicitFileType = wrapper.application; includeInIndex = 0; path = "PoC Ian.app"; sourceTree = BUILT_PRODUCTS_DIR; };
		37DD1AAC1AE1239F0095A4E5 /* Info.plist */ = {isa = PBXFileReference; lastKnownFileType = text.plist.xml; path = Info.plist; sourceTree = "<group>"; };
		37DD1AAD1AE1239F0095A4E5 /* main.m */ = {isa = PBXFileReference; lastKnownFileType = sourcecode.c.objc; path = main.m; sourceTree = "<group>"; };
		37DD1AAF1AE1239F0095A4E5 /* AppDelegate.h */ = {isa = PBXFileReference; lastKnownFileType = sourcecode.c.h; path = AppDelegate.h; sourceTree = "<group>"; };
		37DD1AB01AE1239F0095A4E5 /* AppDelegate.m */ = {isa = PBXFileReference; lastKnownFileType = sourcecode.c.objc; path = AppDelegate.m; sourceTree = "<group>"; };
		37DD1AB21AE1239F0095A4E5 /* POCViewController.h */ = {isa = PBXFileReference; lastKnownFileType = sourcecode.c.h; path = POCViewController.h; sourceTree = "<group>"; };
		37DD1AB31AE1239F0095A4E5 /* POCViewController.m */ = {isa = PBXFileReference; lastKnownFileType = sourcecode.c.objc; path = POCViewController.m; sourceTree = "<group>"; };
		37DD1AB61AE1239F0095A4E5 /* Base */ = {isa = PBXFileReference; lastKnownFileType = file.storyboard; name = Base; path = Base.lproj/Main.storyboard; sourceTree = "<group>"; };
		37DD1AB81AE123A00095A4E5 /* Images.xcassets */ = {isa = PBXFileReference; lastKnownFileType = folder.assetcatalog; path = Images.xcassets; sourceTree = "<group>"; };
		37DD1ABB1AE123A00095A4E5 /* Base */ = {isa = PBXFileReference; lastKnownFileType = file.xib; name = Base; path = Base.lproj/LaunchScreen.xib; sourceTree = "<group>"; };
		37DD1AC11AE123A00095A4E5 /* PoC IanTests.xctest */ = {isa = PBXFileReference; explicitFileType = wrapper.cfbundle; includeInIndex = 0; path = "PoC IanTests.xctest"; sourceTree = BUILT_PRODUCTS_DIR; };
		37DD1AC61AE123A00095A4E5 /* Info.plist */ = {isa = PBXFileReference; lastKnownFileType = text.plist.xml; path = Info.plist; sourceTree = "<group>"; };
		37DD1AC71AE123A00095A4E5 /* PoC_IanTests.m */ = {isa = PBXFileReference; lastKnownFileType = sourcecode.c.objc; path = PoC_IanTests.m; sourceTree = "<group>"; };
		37FBF6B31AE1264900522633 /* MapKit.framework */ = {isa = PBXFileReference; lastKnownFileType = wrapper.framework; name = MapKit.framework; path = System/Library/Frameworks/MapKit.framework; sourceTree = SDKROOT; };
		37FBF6B61AE1377400522633 /* ApiKeys.plist */ = {isa = PBXFileReference; fileEncoding = 4; lastKnownFileType = text.plist.xml; name = ApiKeys.plist; path = Resources/ApiKeys.plist; sourceTree = "<group>"; };
		37FBF6B81AE13DA100522633 /* POCPlaceFinder.h */ = {isa = PBXFileReference; fileEncoding = 4; lastKnownFileType = sourcecode.c.h; path = POCPlaceFinder.h; sourceTree = "<group>"; };
		37FBF6B91AE13DA100522633 /* POCPlaceFinder.m */ = {isa = PBXFileReference; fileEncoding = 4; lastKnownFileType = sourcecode.c.objc; path = POCPlaceFinder.m; sourceTree = "<group>"; };
		37FBF6BB1AE1419D00522633 /* POCFourSquareFinder.h */ = {isa = PBXFileReference; fileEncoding = 4; lastKnownFileType = sourcecode.c.h; path = POCFourSquareFinder.h; sourceTree = "<group>"; };
		37FBF6BC1AE1419D00522633 /* POCFourSquareFinder.m */ = {isa = PBXFileReference; fileEncoding = 4; lastKnownFileType = sourcecode.c.objc; path = POCFourSquareFinder.m; sourceTree = "<group>"; };
		B047A9484D94FC89D40AEBF2 /* Pods.debug.xcconfig */ = {isa = PBXFileReference; includeInIndex = 1; lastKnownFileType = text.xcconfig; name = Pods.debug.xcconfig; path = "Pods/Target Support Files/Pods/Pods.debug.xcconfig"; sourceTree = "<group>"; };
		C2784CB60CB4A02CD5EF164E /* Pods.release.xcconfig */ = {isa = PBXFileReference; includeInIndex = 1; lastKnownFileType = text.xcconfig; name = Pods.release.xcconfig; path = "Pods/Target Support Files/Pods/Pods.release.xcconfig"; sourceTree = "<group>"; };
/* End PBXFileReference section */

/* Begin PBXFrameworksBuildPhase section */
		37DD1AA51AE1239F0095A4E5 /* Frameworks */ = {
			isa = PBXFrameworksBuildPhase;
			buildActionMask = 2147483647;
			files = (
				37FBF6B41AE1264900522633 /* MapKit.framework in Frameworks */,
				AE18140802B72E6C8B597B50 /* libPods.a in Frameworks */,
			);
			runOnlyForDeploymentPostprocessing = 0;
		};
		37DD1ABE1AE123A00095A4E5 /* Frameworks */ = {
			isa = PBXFrameworksBuildPhase;
			buildActionMask = 2147483647;
			files = (
			);
			runOnlyForDeploymentPostprocessing = 0;
		};
/* End PBXFrameworksBuildPhase section */

/* Begin PBXGroup section */
		11AEEA67728CE6D6667F4348 /* Frameworks */ = {
			isa = PBXGroup;
			children = (
				23C57354447CDF964240FFA7 /* libPods.a */,
			);
			name = Frameworks;
			sourceTree = "<group>";
		};
		37DD1A9F1AE1239F0095A4E5 = {
			isa = PBXGroup;
			children = (
				37FBF6B31AE1264900522633 /* MapKit.framework */,
				37DD1AAA1AE1239F0095A4E5 /* PoC Ian */,
				37DD1AC41AE123A00095A4E5 /* PoC IanTests */,
				37DD1AA91AE1239F0095A4E5 /* Products */,
				5DD0F89D723B4836D98C8E75 /* Pods */,
				11AEEA67728CE6D6667F4348 /* Frameworks */,
			);
			sourceTree = "<group>";
		};
		37DD1AA91AE1239F0095A4E5 /* Products */ = {
			isa = PBXGroup;
			children = (
				37DD1AA81AE1239F0095A4E5 /* PoC Ian.app */,
				37DD1AC11AE123A00095A4E5 /* PoC IanTests.xctest */,
			);
			name = Products;
			sourceTree = "<group>";
		};
		37DD1AAA1AE1239F0095A4E5 /* PoC Ian */ = {
			isa = PBXGroup;
			children = (
				37FBF6B51AE126D200522633 /* Resources */,
				37DD1AAF1AE1239F0095A4E5 /* AppDelegate.h */,
				37DD1AB01AE1239F0095A4E5 /* AppDelegate.m */,
				37DD1AB21AE1239F0095A4E5 /* POCViewController.h */,
				37DD1AB31AE1239F0095A4E5 /* POCViewController.m */,
				37DD1AB51AE1239F0095A4E5 /* Main.storyboard */,
				37DD1AB81AE123A00095A4E5 /* Images.xcassets */,
				37DD1ABA1AE123A00095A4E5 /* LaunchScreen.xib */,
				37DD1AAB1AE1239F0095A4E5 /* Supporting Files */,
				37FBF6B81AE13DA100522633 /* POCPlaceFinder.h */,
				37FBF6B91AE13DA100522633 /* POCPlaceFinder.m */,
				37FBF6BB1AE1419D00522633 /* POCFourSquareFinder.h */,
				37FBF6BC1AE1419D00522633 /* POCFourSquareFinder.m */,
				370408A21AE342E1006A8138 /* POCPlace.h */,
				370408A31AE342E1006A8138 /* POCPlace.m */,
			);
			path = "PoC Ian";
			sourceTree = "<group>";
		};
		37DD1AAB1AE1239F0095A4E5 /* Supporting Files */ = {
			isa = PBXGroup;
			children = (
				37DD1AAC1AE1239F0095A4E5 /* Info.plist */,
				37DD1AAD1AE1239F0095A4E5 /* main.m */,
			);
			name = "Supporting Files";
			sourceTree = "<group>";
		};
		37DD1AC41AE123A00095A4E5 /* PoC IanTests */ = {
			isa = PBXGroup;
			children = (
				37DD1AC71AE123A00095A4E5 /* PoC_IanTests.m */,
				37DD1AC51AE123A00095A4E5 /* Supporting Files */,
			);
			path = "PoC IanTests";
			sourceTree = "<group>";
		};
		37DD1AC51AE123A00095A4E5 /* Supporting Files */ = {
			isa = PBXGroup;
			children = (
				37DD1AC61AE123A00095A4E5 /* Info.plist */,
			);
			name = "Supporting Files";
			sourceTree = "<group>";
		};
		37FBF6B51AE126D200522633 /* Resources */ = {
			isa = PBXGroup;
			children = (
				37FBF6B61AE1377400522633 /* ApiKeys.plist */,
			);
			name = Resources;
			sourceTree = "<group>";
		};
		5DD0F89D723B4836D98C8E75 /* Pods */ = {
			isa = PBXGroup;
			children = (
				B047A9484D94FC89D40AEBF2 /* Pods.debug.xcconfig */,
				C2784CB60CB4A02CD5EF164E /* Pods.release.xcconfig */,
			);
			name = Pods;
			sourceTree = "<group>";
		};
/* End PBXGroup section */

/* Begin PBXNativeTarget section */
		37DD1AA71AE1239F0095A4E5 /* PoC Ian */ = {
			isa = PBXNativeTarget;
			buildConfigurationList = 37DD1ACB1AE123A00095A4E5 /* Build configuration list for PBXNativeTarget "PoC Ian" */;
			buildPhases = (
				83CE90C56545E1C6C9BD1738 /* Check Pods Manifest.lock */,
				37DD1AA41AE1239F0095A4E5 /* Sources */,
				37DD1AA51AE1239F0095A4E5 /* Frameworks */,
				37DD1AA61AE1239F0095A4E5 /* Resources */,
				6CA8813E61A9D0C500E36F8A /* Copy Pods Resources */,
			);
			buildRules = (
			);
			dependencies = (
			);
			name = "PoC Ian";
			productName = "PoC Ian";
			productReference = 37DD1AA81AE1239F0095A4E5 /* PoC Ian.app */;
			productType = "com.apple.product-type.application";
		};
		37DD1AC01AE123A00095A4E5 /* PoC IanTests */ = {
			isa = PBXNativeTarget;
			buildConfigurationList = 37DD1ACE1AE123A00095A4E5 /* Build configuration list for PBXNativeTarget "PoC IanTests" */;
			buildPhases = (
				37DD1ABD1AE123A00095A4E5 /* Sources */,
				37DD1ABE1AE123A00095A4E5 /* Frameworks */,
				37DD1ABF1AE123A00095A4E5 /* Resources */,
			);
			buildRules = (
			);
			dependencies = (
				37DD1AC31AE123A00095A4E5 /* PBXTargetDependency */,
			);
			name = "PoC IanTests";
			productName = "PoC IanTests";
			productReference = 37DD1AC11AE123A00095A4E5 /* PoC IanTests.xctest */;
			productType = "com.apple.product-type.bundle.unit-test";
		};
/* End PBXNativeTarget section */

/* Begin PBXProject section */
		37DD1AA01AE1239F0095A4E5 /* Project object */ = {
			isa = PBXProject;
			attributes = {
				LastUpgradeCheck = 0630;
				ORGANIZATIONNAME = Ian;
				TargetAttributes = {
					37DD1AA71AE1239F0095A4E5 = {
						CreatedOnToolsVersion = 6.3;
					};
					37DD1AC01AE123A00095A4E5 = {
						CreatedOnToolsVersion = 6.3;
						TestTargetID = 37DD1AA71AE1239F0095A4E5;
					};
				};
			};
			buildConfigurationList = 37DD1AA31AE1239F0095A4E5 /* Build configuration list for PBXProject "PoC Ian" */;
			compatibilityVersion = "Xcode 3.2";
			developmentRegion = English;
			hasScannedForEncodings = 0;
			knownRegions = (
				en,
				Base,
			);
			mainGroup = 37DD1A9F1AE1239F0095A4E5;
			productRefGroup = 37DD1AA91AE1239F0095A4E5 /* Products */;
			projectDirPath = "";
			projectRoot = "";
			targets = (
				37DD1AA71AE1239F0095A4E5 /* PoC Ian */,
				37DD1AC01AE123A00095A4E5 /* PoC IanTests */,
			);
		};
/* End PBXProject section */

/* Begin PBXResourcesBuildPhase section */
		37DD1AA61AE1239F0095A4E5 /* Resources */ = {
			isa = PBXResourcesBuildPhase;
			buildActionMask = 2147483647;
			files = (
				37DD1AB71AE1239F0095A4E5 /* Main.storyboard in Resources */,
				37FBF6B71AE1377400522633 /* ApiKeys.plist in Resources */,
				37DD1ABC1AE123A00095A4E5 /* LaunchScreen.xib in Resources */,
				37DD1AB91AE123A00095A4E5 /* Images.xcassets in Resources */,
			);
			runOnlyForDeploymentPostprocessing = 0;
		};
		37DD1ABF1AE123A00095A4E5 /* Resources */ = {
			isa = PBXResourcesBuildPhase;
			buildActionMask = 2147483647;
			files = (
			);
			runOnlyForDeploymentPostprocessing = 0;
		};
/* End PBXResourcesBuildPhase section */

/* Begin PBXShellScriptBuildPhase section */
		6CA8813E61A9D0C500E36F8A /* Copy Pods Resources */ = {
			isa = PBXShellScriptBuildPhase;
			buildActionMask = 2147483647;
			files = (
			);
			inputPaths = (
			);
			name = "Copy Pods Resources";
			outputPaths = (
			);
			runOnlyForDeploymentPostprocessing = 0;
			shellPath = /bin/sh;
			shellScript = "\"${SRCROOT}/Pods/Target Support Files/Pods/Pods-resources.sh\"\n";
			showEnvVarsInLog = 0;
		};
		83CE90C56545E1C6C9BD1738 /* Check Pods Manifest.lock */ = {
			isa = PBXShellScriptBuildPhase;
			buildActionMask = 2147483647;
			files = (
			);
			inputPaths = (
			);
			name = "Check Pods Manifest.lock";
			outputPaths = (
			);
			runOnlyForDeploymentPostprocessing = 0;
			shellPath = /bin/sh;
			shellScript = "diff \"${PODS_ROOT}/../Podfile.lock\" \"${PODS_ROOT}/Manifest.lock\" > /dev/null\nif [[ $? != 0 ]] ; then\n    cat << EOM\nerror: The sandbox is not in sync with the Podfile.lock. Run 'pod install' or update your CocoaPods installation.\nEOM\n    exit 1\nfi\n";
			showEnvVarsInLog = 0;
		};
/* End PBXShellScriptBuildPhase section */

/* Begin PBXSourcesBuildPhase section */
		37DD1AA41AE1239F0095A4E5 /* Sources */ = {
			isa = PBXSourcesBuildPhase;
			buildActionMask = 2147483647;
			files = (
				37DD1AB41AE1239F0095A4E5 /* POCViewController.m in Sources */,
				37DD1AB11AE1239F0095A4E5 /* AppDelegate.m in Sources */,
				370408A41AE342E1006A8138 /* POCPlace.m in Sources */,
				37FBF6BA1AE13DA100522633 /* POCPlaceFinder.m in Sources */,
				37FBF6BD1AE1419D00522633 /* POCFourSquareFinder.m in Sources */,
				37DD1AAE1AE1239F0095A4E5 /* main.m in Sources */,
			);
			runOnlyForDeploymentPostprocessing = 0;
		};
		37DD1ABD1AE123A00095A4E5 /* Sources */ = {
			isa = PBXSourcesBuildPhase;
			buildActionMask = 2147483647;
			files = (
				37DD1AC81AE123A00095A4E5 /* PoC_IanTests.m in Sources */,
			);
			runOnlyForDeploymentPostprocessing = 0;
		};
/* End PBXSourcesBuildPhase section */

/* Begin PBXTargetDependency section */
		37DD1AC31AE123A00095A4E5 /* PBXTargetDependency */ = {
			isa = PBXTargetDependency;
			target = 37DD1AA71AE1239F0095A4E5 /* PoC Ian */;
			targetProxy = 37DD1AC21AE123A00095A4E5 /* PBXContainerItemProxy */;
		};
/* End PBXTargetDependency section */

/* Begin PBXVariantGroup section */
		37DD1AB51AE1239F0095A4E5 /* Main.storyboard */ = {
			isa = PBXVariantGroup;
			children = (
				37DD1AB61AE1239F0095A4E5 /* Base */,
			);
			name = Main.storyboard;
			sourceTree = "<group>";
		};
		37DD1ABA1AE123A00095A4E5 /* LaunchScreen.xib */ = {
			isa = PBXVariantGroup;
			children = (
				37DD1ABB1AE123A00095A4E5 /* Base */,
			);
			name = LaunchScreen.xib;
			sourceTree = "<group>";
		};
/* End PBXVariantGroup section */

/* Begin XCBuildConfiguration section */
		37DD1AC91AE123A00095A4E5 /* Debug */ = {
			isa = XCBuildConfiguration;
			buildSettings = {
				ALWAYS_SEARCH_USER_PATHS = NO;
				CLANG_CXX_LANGUAGE_STANDARD = "gnu++0x";
				CLANG_CXX_LIBRARY = "libc++";
				CLANG_ENABLE_MODULES = YES;
				CLANG_ENABLE_OBJC_ARC = YES;
				CLANG_WARN_BOOL_CONVERSION = YES;
				CLANG_WARN_CONSTANT_CONVERSION = YES;
				CLANG_WARN_DIRECT_OBJC_ISA_USAGE = YES_ERROR;
				CLANG_WARN_EMPTY_BODY = YES;
				CLANG_WARN_ENUM_CONVERSION = YES;
				CLANG_WARN_INT_CONVERSION = YES;
				CLANG_WARN_OBJC_ROOT_CLASS = YES_ERROR;
				CLANG_WARN_UNREACHABLE_CODE = YES;
				CLANG_WARN__DUPLICATE_METHOD_MATCH = YES;
				"CODE_SIGN_IDENTITY[sdk=iphoneos*]" = "iPhone Developer";
				COPY_PHASE_STRIP = NO;
				DEBUG_INFORMATION_FORMAT = "dwarf-with-dsym";
				ENABLE_STRICT_OBJC_MSGSEND = YES;
				GCC_C_LANGUAGE_STANDARD = gnu99;
				GCC_DYNAMIC_NO_PIC = NO;
				GCC_NO_COMMON_BLOCKS = YES;
				GCC_OPTIMIZATION_LEVEL = 0;
				GCC_PREPROCESSOR_DEFINITIONS = (
					"DEBUG=1",
					"$(inherited)",
				);
				GCC_SYMBOLS_PRIVATE_EXTERN = NO;
				GCC_WARN_64_TO_32_BIT_CONVERSION = YES;
				GCC_WARN_ABOUT_RETURN_TYPE = YES_ERROR;
				GCC_WARN_UNDECLARED_SELECTOR = YES;
				GCC_WARN_UNINITIALIZED_AUTOS = YES_AGGRESSIVE;
				GCC_WARN_UNUSED_FUNCTION = YES;
				GCC_WARN_UNUSED_VARIABLE = YES;
				IPHONEOS_DEPLOYMENT_TARGET = 8.3;
				MTL_ENABLE_DEBUG_INFO = YES;
				ONLY_ACTIVE_ARCH = YES;
				SDKROOT = iphoneos;
				TARGETED_DEVICE_FAMILY = "1,2";
			};
			name = Debug;
		};
		37DD1ACA1AE123A00095A4E5 /* Release */ = {
			isa = XCBuildConfiguration;
			buildSettings = {
				ALWAYS_SEARCH_USER_PATHS = NO;
				CLANG_CXX_LANGUAGE_STANDARD = "gnu++0x";
				CLANG_CXX_LIBRARY = "libc++";
				CLANG_ENABLE_MODULES = YES;
				CLANG_ENABLE_OBJC_ARC = YES;
				CLANG_WARN_BOOL_CONVERSION = YES;
				CLANG_WARN_CONSTANT_CONVERSION = YES;
				CLANG_WARN_DIRECT_OBJC_ISA_USAGE = YES_ERROR;
				CLANG_WARN_EMPTY_BODY = YES;
				CLANG_WARN_ENUM_CONVERSION = YES;
				CLANG_WARN_INT_CONVERSION = YES;
				CLANG_WARN_OBJC_ROOT_CLASS = YES_ERROR;
				CLANG_WARN_UNREACHABLE_CODE = YES;
				CLANG_WARN__DUPLICATE_METHOD_MATCH = YES;
				"CODE_SIGN_IDENTITY[sdk=iphoneos*]" = "iPhone Developer";
				COPY_PHASE_STRIP = NO;
				DEBUG_INFORMATION_FORMAT = "dwarf-with-dsym";
				ENABLE_NS_ASSERTIONS = NO;
				ENABLE_STRICT_OBJC_MSGSEND = YES;
				GCC_C_LANGUAGE_STANDARD = gnu99;
				GCC_NO_COMMON_BLOCKS = YES;
				GCC_WARN_64_TO_32_BIT_CONVERSION = YES;
				GCC_WARN_ABOUT_RETURN_TYPE = YES_ERROR;
				GCC_WARN_UNDECLARED_SELECTOR = YES;
				GCC_WARN_UNINITIALIZED_AUTOS = YES_AGGRESSIVE;
				GCC_WARN_UNUSED_FUNCTION = YES;
				GCC_WARN_UNUSED_VARIABLE = YES;
				IPHONEOS_DEPLOYMENT_TARGET = 8.3;
				MTL_ENABLE_DEBUG_INFO = NO;
				SDKROOT = iphoneos;
				TARGETED_DEVICE_FAMILY = "1,2";
				VALIDATE_PRODUCT = YES;
			};
			name = Release;
		};
		37DD1ACC1AE123A00095A4E5 /* Debug */ = {
			isa = XCBuildConfiguration;
			baseConfigurationReference = B047A9484D94FC89D40AEBF2 /* Pods.debug.xcconfig */;
			buildSettings = {
				ASSETCATALOG_COMPILER_APPICON_NAME = AppIcon;
				INFOPLIST_FILE = "PoC Ian/Info.plist";
				LD_RUNPATH_SEARCH_PATHS = "$(inherited) @executable_path/Frameworks";
				PRODUCT_NAME = "$(TARGET_NAME)";
			};
			name = Debug;
		};
		37DD1ACD1AE123A00095A4E5 /* Release */ = {
			isa = XCBuildConfiguration;
			baseConfigurationReference = C2784CB60CB4A02CD5EF164E /* Pods.release.xcconfig */;
			buildSettings = {
				ASSETCATALOG_COMPILER_APPICON_NAME = AppIcon;
				INFOPLIST_FILE = "PoC Ian/Info.plist";
				LD_RUNPATH_SEARCH_PATHS = "$(inherited) @executable_path/Frameworks";
				PRODUCT_NAME = "$(TARGET_NAME)";
			};
			name = Release;
		};
		37DD1ACF1AE123A00095A4E5 /* Debug */ = {
			isa = XCBuildConfiguration;
			buildSettings = {
				BUNDLE_LOADER = "$(TEST_HOST)";
				FRAMEWORK_SEARCH_PATHS = (
					"$(SDKROOT)/Developer/Library/Frameworks",
					"$(inherited)",
				);
				GCC_PREPROCESSOR_DEFINITIONS = (
					"DEBUG=1",
					"$(inherited)",
				);
				INFOPLIST_FILE = "PoC IanTests/Info.plist";
				LD_RUNPATH_SEARCH_PATHS = "$(inherited) @executable_path/Frameworks @loader_path/Frameworks";
				PRODUCT_NAME = "$(TARGET_NAME)";
				TEST_HOST = "$(BUILT_PRODUCTS_DIR)/PoC Ian.app/PoC Ian";
			};
			name = Debug;
		};
		37DD1AD01AE123A00095A4E5 /* Release */ = {
			isa = XCBuildConfiguration;
			buildSettings = {
				BUNDLE_LOADER = "$(TEST_HOST)";
				FRAMEWORK_SEARCH_PATHS = (
					"$(SDKROOT)/Developer/Library/Frameworks",
					"$(inherited)",
				);
				INFOPLIST_FILE = "PoC IanTests/Info.plist";
				LD_RUNPATH_SEARCH_PATHS = "$(inherited) @executable_path/Frameworks @loader_path/Frameworks";
				PRODUCT_NAME = "$(TARGET_NAME)";
				TEST_HOST = "$(BUILT_PRODUCTS_DIR)/PoC Ian.app/PoC Ian";
			};
			name = Release;
		};
/* End XCBuildConfiguration section */

/* Begin XCConfigurationList section */
		37DD1AA31AE1239F0095A4E5 /* Build configuration list for PBXProject "PoC Ian" */ = {
			isa = XCConfigurationList;
			buildConfigurations = (
				37DD1AC91AE123A00095A4E5 /* Debug */,
				37DD1ACA1AE123A00095A4E5 /* Release */,
			);
			defaultConfigurationIsVisible = 0;
			defaultConfigurationName = Release;
		};
		37DD1ACB1AE123A00095A4E5 /* Build configuration list for PBXNativeTarget "PoC Ian" */ = {
			isa = XCConfigurationList;
			buildConfigurations = (
				37DD1ACC1AE123A00095A4E5 /* Debug */,
				37DD1ACD1AE123A00095A4E5 /* Release */,
			);
			defaultConfigurationIsVisible = 0;
			defaultConfigurationName = Release;
		};
		37DD1ACE1AE123A00095A4E5 /* Build configuration list for PBXNativeTarget "PoC IanTests" */ = {
			isa = XCConfigurationList;
			buildConfigurations = (
				37DD1ACF1AE123A00095A4E5 /* Debug */,
				37DD1AD01AE123A00095A4E5 /* Release */,
			);
			defaultConfigurationIsVisible = 0;
			defaultConfigurationName = Release;
		};
/* End XCConfigurationList section */
	};
	rootObject = 37DD1AA01AE1239F0095A4E5 /* Project object */;
}
